
Microsoft Visual Studio Solution File, Format Version 12.00
# Visual Studio Version 17
VisualStudioVersion = 17.12.35527.113
MinimumVisualStudioVersion = 10.0.40219.1
Project("{FAE04EC0-301F-11D3-BF4B-00C04F79EFBC}") = "TaskManager.Server", "TaskManager.Server\TaskManager.Server.csproj", "{91C33DD3-DFFE-4DAB-9218-4313C1EC12DB}"
EndProject
Project("{54A90642-561A-4BB1-A94E-469ADEE60C69}") = "taskmanager.client", "taskmanager.client\taskmanager.client.esproj", "{A9D91DDD-D539-4135-B2B3-A6FEB364B9E0}"
EndProject
Project("{FAE04EC0-301F-11D3-BF4B-00C04F79EFBC}") = "BackendTest", "BackendTest\BackendTest.csproj", "{E7A5F40C-D722-4767-B57D-AEBFA35F5E37}"
EndProject
Global
	GlobalSection(SolutionConfigurationPlatforms) = preSolution
		Debug|Any CPU = Debug|Any CPU
		Release|Any CPU = Release|Any CPU
	EndGlobalSection
	GlobalSection(ProjectConfigurationPlatforms) = postSolution
		{91C33DD3-DFFE-4DAB-9218-4313C1EC12DB}.Debug|Any CPU.ActiveCfg = Debug|Any CPU
		{91C33DD3-DFFE-4DAB-9218-4313C1EC12DB}.Debug|Any CPU.Build.0 = Debug|Any CPU
		{91C33DD3-DFFE-4DAB-9218-4313C1EC12DB}.Release|Any CPU.ActiveCfg = Release|Any CPU
		{91C33DD3-DFFE-4DAB-9218-4313C1EC12DB}.Release|Any CPU.Build.0 = Release|Any CPU
		{A9D91DDD-D539-4135-B2B3-A6FEB364B9E0}.Debug|Any CPU.ActiveCfg = Debug|Any CPU
		{A9D91DDD-D539-4135-B2B3-A6FEB364B9E0}.Debug|Any CPU.Build.0 = Debug|Any CPU
		{A9D91DDD-D539-4135-B2B3-A6FEB364B9E0}.Debug|Any CPU.Deploy.0 = Debug|Any CPU
		{A9D91DDD-D539-4135-B2B3-A6FEB364B9E0}.Release|Any CPU.ActiveCfg = Release|Any CPU
		{A9D91DDD-D539-4135-B2B3-A6FEB364B9E0}.Release|Any CPU.Build.0 = Release|Any CPU
		{A9D91DDD-D539-4135-B2B3-A6FEB364B9E0}.Release|Any CPU.Deploy.0 = Release|Any CPU
		{E7A5F40C-D722-4767-B57D-AEBFA35F5E37}.Debug|Any CPU.ActiveCfg = Debug|Any CPU
		{E7A5F40C-D722-4767-B57D-AEBFA35F5E37}.Debug|Any CPU.Build.0 = Debug|Any CPU
		{E7A5F40C-D722-4767-B57D-AEBFA35F5E37}.Release|Any CPU.ActiveCfg = Release|Any CPU
		{E7A5F40C-D722-4767-B57D-AEBFA35F5E37}.Release|Any CPU.Build.0 = Release|Any CPU
	EndGlobalSection
	GlobalSection(SolutionProperties) = preSolution
		HideSolutionNode = FALSE
	EndGlobalSection
EndGlobal
